
Microsoft Visual Studio Solution File, Format Version 12.00
# Visual Studio Version 16
VisualStudioVersion = 16.0.808.3
MinimumVisualStudioVersion = 10.0.40219.1
Project("{9A19103F-16F7-4668-BE54-9A1E7A4F7556}") = "WoodDomain", "WoodDomain\WoodDomain.csproj", "{F467DD3C-9F5D-4F17-B12B-D9F5156094E9}"
EndProject
Project("{9A19103F-16F7-4668-BE54-9A1E7A4F7556}") = "WoodDomain.Server", "WoodDomain.Server\WoodDomain.Server.csproj", "{4BD2EDB0-6396-487B-8180-82BD8A633DD8}"
EndProject
Global
	GlobalSection(SolutionConfigurationPlatforms) = preSolution
		Debug|Any CPU = Debug|Any CPU
		Release|Any CPU = Release|Any CPU
	EndGlobalSection
	GlobalSection(ProjectConfigurationPlatforms) = postSolution
		{F467DD3C-9F5D-4F17-B12B-D9F5156094E9}.Debug|Any CPU.ActiveCfg = Debug|Any CPU
		{F467DD3C-9F5D-4F17-B12B-D9F5156094E9}.Debug|Any CPU.Build.0 = Debug|Any CPU
		{F467DD3C-9F5D-4F17-B12B-D9F5156094E9}.Release|Any CPU.ActiveCfg = Release|Any CPU
		{F467DD3C-9F5D-4F17-B12B-D9F5156094E9}.Release|Any CPU.Build.0 = Release|Any CPU
		{4BD2EDB0-6396-487B-8180-82BD8A633DD8}.Debug|Any CPU.ActiveCfg = Debug|Any CPU
		{4BD2EDB0-6396-487B-8180-82BD8A633DD8}.Debug|Any CPU.Build.0 = Debug|Any CPU
		{4BD2EDB0-6396-487B-8180-82BD8A633DD8}.Release|Any CPU.ActiveCfg = Release|Any CPU
		{4BD2EDB0-6396-487B-8180-82BD8A633DD8}.Release|Any CPU.Build.0 = Release|Any CPU
	EndGlobalSection
	GlobalSection(SolutionProperties) = preSolution
		HideSolutionNode = FALSE
	EndGlobalSection
	GlobalSection(ExtensibilityGlobals) = postSolution
		SolutionGuid = {F468DCEB-E44C-49B7-AE5B-CD7ABD93F881}
	EndGlobalSection
EndGlobal
